
Microsoft Visual Studio Solution File, Format Version 12.00
# Visual Studio Version 18
VisualStudioVersion = 18.6.11822.322 stable
MinimumVisualStudioVersion = 10.0.40219.1
Project("{FAE04EC0-301F-11D3-BF4B-00C04F79EFBC}") = "TheWarrior", "TheWarrior.csproj", "{3F6277AC-BD46-9736-BDF7-7ADCDC45504B}"
EndProject
Global
	GlobalSection(SolutionConfigurationPlatforms) = preSolution
		Debug|Any CPU = Debug|Any CPU
		ExportDebug|Any CPU = ExportDebug|Any CPU
		ExportRelease|Any CPU = ExportRelease|Any CPU
	EndGlobalSection
	GlobalSection(ProjectConfigurationPlatforms) = postSolution
		{3F6277AC-BD46-9736-BDF7-7ADCDC45504B}.Debug|Any CPU.ActiveCfg = Debug|Any CPU
		{3F6277AC-BD46-9736-BDF7-7ADCDC45504B}.Debug|Any CPU.Build.0 = Debug|Any CPU
		{3F6277AC-BD46-9736-BDF7-7ADCDC45504B}.ExportDebug|Any CPU.ActiveCfg = ExportDebug|Any CPU
		{3F6277AC-BD46-9736-BDF7-7ADCDC45504B}.ExportDebug|Any CPU.Build.0 = ExportDebug|Any CPU
		{3F6277AC-BD46-9736-BDF7-7ADCDC45504B}.ExportRelease|Any CPU.ActiveCfg = ExportRelease|Any CPU
		{3F6277AC-BD46-9736-BDF7-7ADCDC45504B}.ExportRelease|Any CPU.Build.0 = ExportRelease|Any CPU
	EndGlobalSection
	GlobalSection(SolutionProperties) = preSolution
		HideSolutionNode = FALSE
	EndGlobalSection
EndGlobal
